{
    "knplabs/doctrine-behaviors": {
        "version": "1.6.0"
    },
    "knplabs/knp-components": {
        "version": "v1.3.10"
    },
    "knplabs/knp-paginator-bundle": {
        "version": "v2.8.0"
    },
    "knplabs/knp-time-bundle": {
        "version": "1.9.0"
    },
    "opsway/doctrine-dbal-postgresql": {
        "version": "v0.8.1"
    }
}
